// This lockfile was autogenerated by Pants. To regenerate, run:
//
//    pants generate-lockfiles --resolve=python-default
//
// --- BEGIN PANTS LOCKFILE METADATA: DO NOT EDIT OR REMOVE ---
// {
//   "version": 3,
//   "valid_for_interpreter_constraints": [
//     "CPython==3.12.*"
//   ],
//   "generated_with_requirements": [
//     "flywheel-sdk>=18.0.0",
//     "pytest"
//   ],
//   "manylinux": "manylinux2014",
//   "requirement_constraints": [],
//   "only_binary": [],
//   "no_binary": []
// }
// --- END PANTS LOCKFILE METADATA ---

{
  "allow_builds": true,
  "allow_prereleases": false,
  "allow_wheels": true,
  "build_isolation": true,
  "constraints": [],
  "elide_unused_requires_dist": false,
  "excluded": [],
  "locked_resolves": [
    {
      "locked_requirements": [
        {
          "artifacts": [
            {
              "algorithm": "sha256",
              "hash": "6b31f564a415d79ee77df69d757bb49a5bb53bd9f756cbbe24394ffd6fc1f4b2",
              "url": "https://files.pythonhosted.org/packages/4f/52/34c6cf5bb9285074dc3531c437b3919e825d976fde097a7a73f79e726d03/certifi-2025.7.14-py3-none-any.whl"
            },
            {
              "algorithm": "sha256",
              "hash": "8ea99dbdfaaf2ba2f9bac77b9249ef62ec5218e7c2b2e903378ed5fccf765995",
              "url": "https://files.pythonhosted.org/packages/b3/76/52c535bcebe74590f296d6c77c86dabf761c41980e1347a2422e4aa2ae41/certifi-2025.7.14.tar.gz"
            }
          ],
          "project_name": "certifi",
          "requires_dists": [],
          "requires_python": ">=3.7",
          "version": "2025.7.14"
        },
        {
          "artifacts": [
            {
              "algorithm": "sha256",
              "hash": "7f56930ab0abd1c45cd15be65cc741c28b1c9a34876ce8c17a2fa107810c0af0",
              "url": "https://files.pythonhosted.org/packages/20/94/c5790835a017658cbfabd07f3bfb549140c3ac458cfc196323996b10095a/charset_normalizer-3.4.2-py3-none-any.whl"
            },
            {
              "algorithm": "sha256",
              "hash": "cf713fe9a71ef6fd5adf7a79670135081cd4431c2943864757f0fa3a65b1fafd",
              "url": "https://files.pythonhosted.org/packages/09/14/957d03c6dc343c04904530b6bef4e5efae5ec7d7990a7cbb868e4595ee30/charset_normalizer-3.4.2-cp312-cp312-manylinux_2_5_i686.manylinux1_i686.manylinux_2_17_i686.manylinux2014_i686.whl"
            },
            {
              "algorithm": "sha256",
              "hash": "a370b3e078e418187da8c3674eddb9d983ec09445c99a3a263c2011993522981",
              "url": "https://files.pythonhosted.org/packages/0d/c8/8174d0e5c10ccebdcb1b53cc959591c4c722a3ad92461a273e86b9f5a302/charset_normalizer-3.4.2-cp312-cp312-musllinux_1_2_aarch64.whl"
            },
            {
              "algorithm": "sha256",
              "hash": "a955b438e62efdf7e0b7b52a64dc5c3396e2634baa62471768a64bc2adb73d5c",
              "url": "https://files.pythonhosted.org/packages/58/aa/8904b84bc8084ac19dc52feb4f5952c6df03ffb460a887b42615ee1382e8/charset_normalizer-3.4.2-cp312-cp312-musllinux_1_2_i686.whl"
            },
            {
              "algorithm": "sha256",
              "hash": "fcbe676a55d7445b22c10967bceaaf0ee69407fbe0ece4d032b6eb8d4565982a",
              "url": "https://files.pythonhosted.org/packages/66/52/59521f1d8e6ab1482164fa21409c5ef44da3e9f653c13ba71becdd98dec3/charset_normalizer-3.4.2-cp312-cp312-manylinux_2_17_ppc64le.manylinux2014_ppc64le.whl"
            },
            {
              "algorithm": "sha256",
              "hash": "dedb8adb91d11846ee08bec4c8236c8549ac721c245678282dcb06b221aab59f",
              "url": "https://files.pythonhosted.org/packages/77/1a/5eefc0ce04affb98af07bc05f3bac9094513c0e23b0562d64af46a06aae4/charset_normalizer-3.4.2-cp312-cp312-musllinux_1_2_x86_64.whl"
            },
            {
              "algorithm": "sha256",
              "hash": "d41c4d287cfc69060fa91cae9683eacffad989f1a10811995fa309df656ec214",
              "url": "https://files.pythonhosted.org/packages/86/2d/fb55fdf41964ec782febbf33cb64be480a6b8f16ded2dbe8db27a405c09f/charset_normalizer-3.4.2-cp312-cp312-manylinux_2_17_s390x.manylinux2014_s390x.whl"
            },
            {
              "algorithm": "sha256",
              "hash": "4e594135de17ab3866138f496755f302b72157d115086d100c3f19370839dd3a",
              "url": "https://files.pythonhosted.org/packages/8c/73/6ede2ec59bce19b3edf4209d70004253ec5f4e319f9a2e3f2f15601ed5f7/charset_normalizer-3.4.2-cp312-cp312-manylinux_2_17_x86_64.manylinux2014_x86_64.whl"
            },
            {
              "algorithm": "sha256",
              "hash": "7222ffd5e4de8e57e03ce2cef95a4c43c98fcb72ad86909abdfc2c17d227fc1b",
              "url": "https://files.pythonhosted.org/packages/c2/26/89ee1f0e264d201cb65cf054aca6038c03b1a0c6b4ae998070392a3ce605/charset_normalizer-3.4.2-cp312-cp312-musllinux_1_2_ppc64le.whl"
            },
            {
              "algorithm": "sha256",
              "hash": "0c29de6a1a95f24b9a1aa7aefd27d2487263f00dfd55a77719b530788f75cff7",
              "url": "https://files.pythonhosted.org/packages/d7/a4/37f4d6035c89cac7930395a35cc0f1b872e652eaafb76a6075943754f095/charset_normalizer-3.4.2-cp312-cp312-macosx_10_13_universal2.whl"
            },
            {
              "algorithm": "sha256",
              "hash": "5baececa9ecba31eff645232d59845c07aa030f0c81ee70184a90d35099a0e63",
              "url": "https://files.pythonhosted.org/packages/e4/33/89c2ced2b67d1c2a61c19c6751aa8902d46ce3dacb23600a283619f5a12d/charset_normalizer-3.4.2.tar.gz"
            },
            {
              "algorithm": "sha256",
              "hash": "cddf7bd982eaa998934a91f69d182aec997c6c468898efe6679af88283b498d3",
              "url": "https://files.pythonhosted.org/packages/ee/8a/1a5e33b73e0d9287274f899d967907cd0bf9c343e651755d9307e0dbf2b3/charset_normalizer-3.4.2-cp312-cp312-manylinux_2_17_aarch64.manylinux2014_aarch64.whl"
            },
            {
              "algorithm": "sha256",
              "hash": "bee093bf902e1d8fc0ac143c88902c3dfc8941f7ea1d6a8dd2bcb786d33db03d",
              "url": "https://files.pythonhosted.org/packages/fd/07/68e95b4b345bad3dbbd3a8681737b4338ff2c9df29856a6d6d23ac4c73cb/charset_normalizer-3.4.2-cp312-cp312-musllinux_1_2_s390x.whl"
            }
          ],
          "project_name": "charset-normalizer",
          "requires_dists": [],
          "requires_python": ">=3.7",
          "version": "3.4.2"
        },
        {
          "artifacts": [
            {
              "algorithm": "sha256",
              "hash": "6810141746044806074d80e033e50299f4ba1a4ab9bc23e8bc81c731b754ad6d",
              "url": "https://files.pythonhosted.org/packages/f5/81/9327aee61eedea594188bf68ce62fd3cd50dd49649226b754a9e531fc0d8/flywheel_sdk-20.4.0-py2.py3-none-any.whl"
            }
          ],
          "project_name": "flywheel-sdk",
          "requires_dists": [
            "certifi>=2024.2.2",
            "packaging",
            "python-dateutil>=2.8.1",
            "requests-toolbelt",
            "requests>=2.18.4",
            "six>=1.16",
            "urllib3>=2.2.1"
          ],
          "requires_python": null,
          "version": "20.4.0"
        },
        {
          "artifacts": [
            {
              "algorithm": "sha256",
              "hash": "946d195a0d259cbba61165e88e65941f16e9b36ea6ddb97f00452bae8b1287d3",
              "url": "https://files.pythonhosted.org/packages/76/c6/c88e154df9c4e1a2a66ccf0005a88dfb2650c1dffb6f5ce603dfbd452ce3/idna-3.10-py3-none-any.whl"
            },
            {
              "algorithm": "sha256",
              "hash": "12f65c9b470abda6dc35cf8e63cc574b1c52b11df2c86030af0ac09b01b13ea9",
              "url": "https://files.pythonhosted.org/packages/f1/70/7703c29685631f5a7590aa73f1f1d3fa9a380e654b86af429e0934a32f7d/idna-3.10.tar.gz"
            }
          ],
          "project_name": "idna",
          "requires_dists": [
            "flake8>=7.1.1; extra == \"all\"",
            "mypy>=1.11.2; extra == \"all\"",
            "pytest>=8.3.2; extra == \"all\"",
            "ruff>=0.6.2; extra == \"all\""
          ],
          "requires_python": ">=3.6",
          "version": "3.10"
        },
        {
          "artifacts": [
            {
              "algorithm": "sha256",
              "hash": "9deba5723312380e77435581c6bf4935c94cbfab9b1ed33ef8d238ea168eb760",
              "url": "https://files.pythonhosted.org/packages/2c/e1/e6716421ea10d38022b952c159d5161ca1193197fb744506875fbb87ea7b/iniconfig-2.1.0-py3-none-any.whl"
            },
            {
              "algorithm": "sha256",
              "hash": "3abbd2e30b36733fee78f9c7f7308f2d0050e88f0087fd25c2645f63c773e1c7",
              "url": "https://files.pythonhosted.org/packages/f2/97/ebf4da567aa6827c909642694d71c9fcf53e5b504f2d96afea02718862f3/iniconfig-2.1.0.tar.gz"
            }
          ],
          "project_name": "iniconfig",
          "requires_dists": [],
          "requires_python": ">=3.8",
          "version": "2.1.0"
        },
        {
          "artifacts": [
            {
              "algorithm": "sha256",
              "hash": "29572ef2b1f17581046b3a2227d5c611fb25ec70ca1ba8554b24b0e69331a484",
              "url": "https://files.pythonhosted.org/packages/20/12/38679034af332785aac8774540895e234f4d07f7545804097de4b666afd8/packaging-25.0-py3-none-any.whl"
            },
            {
              "algorithm": "sha256",
              "hash": "d443872c98d677bf60f6a1f2f8c1cb748e8fe762d2bf9d3148b5599295b0fc4f",
              "url": "https://files.pythonhosted.org/packages/a1/d4/1fc4078c65507b51b96ca8f8c3ba19e6a61c8253c72794544580a7b6c24d/packaging-25.0.tar.gz"
            }
          ],
          "project_name": "packaging",
          "requires_dists": [],
          "requires_python": ">=3.8",
          "version": "25.0"
        },
        {
          "artifacts": [
            {
              "algorithm": "sha256",
              "hash": "e920276dd6813095e9377c0bc5566d94c932c33b27a3e3945d8389c374dd4746",
              "url": "https://files.pythonhosted.org/packages/54/20/4d324d65cc6d9205fabedc306948156824eb9f0ee1633355a8f7ec5c66bf/pluggy-1.6.0-py3-none-any.whl"
            },
            {
              "algorithm": "sha256",
              "hash": "7dcc130b76258d33b90f61b658791dede3486c3e6bfb003ee5c9bfb396dd22f3",
              "url": "https://files.pythonhosted.org/packages/f9/e2/3e91f31a7d2b083fe6ef3fa267035b518369d9511ffab804f839851d2779/pluggy-1.6.0.tar.gz"
            }
          ],
          "project_name": "pluggy",
          "requires_dists": [
            "coverage; extra == \"testing\"",
            "pre-commit; extra == \"dev\"",
            "pytest-benchmark; extra == \"testing\"",
            "pytest; extra == \"testing\"",
            "tox; extra == \"dev\""
          ],
          "requires_python": ">=3.9",
          "version": "1.6.0"
        },
        {
          "artifacts": [
            {
              "algorithm": "sha256",
              "hash": "86540386c03d588bb81d44bc3928634ff26449851e99741617ecb9037ee5ec0b",
              "url": "https://files.pythonhosted.org/packages/c7/21/705964c7812476f378728bdf590ca4b771ec72385c533964653c68e86bdc/pygments-2.19.2-py3-none-any.whl"
            },
            {
              "algorithm": "sha256",
              "hash": "636cb2477cec7f8952536970bc533bc43743542f70392ae026374600add5b887",
              "url": "https://files.pythonhosted.org/packages/b0/77/a5b8c569bf593b0140bde72ea885a803b82086995367bf2037de0159d924/pygments-2.19.2.tar.gz"
            }
          ],
          "project_name": "pygments",
          "requires_dists": [
            "colorama>=0.4.6; extra == \"windows-terminal\""
          ],
          "requires_python": ">=3.8",
          "version": "2.19.2"
        },
        {
          "artifacts": [
            {
              "algorithm": "sha256",
              "hash": "539c70ba6fcead8e78eebbf1115e8b589e7565830d7d006a8723f19ac8a0afb7",
              "url": "https://files.pythonhosted.org/packages/29/16/c8a903f4c4dffe7a12843191437d7cd8e32751d5de349d45d3fe69544e87/pytest-8.4.1-py3-none-any.whl"
            },
            {
              "algorithm": "sha256",
              "hash": "7c67fd69174877359ed9371ec3af8a3d2b04741818c51e5e99cc1742251fa93c",
              "url": "https://files.pythonhosted.org/packages/08/ba/45911d754e8eba3d5a841a5ce61a65a685ff1798421ac054f85aa8747dfb/pytest-8.4.1.tar.gz"
            }
          ],
          "project_name": "pytest",
          "requires_dists": [
            "argcomplete; extra == \"dev\"",
            "attrs>=19.2; extra == \"dev\"",
            "colorama>=0.4; sys_platform == \"win32\"",
            "exceptiongroup>=1; python_version < \"3.11\"",
            "hypothesis>=3.56; extra == \"dev\"",
            "iniconfig>=1",
            "mock; extra == \"dev\"",
            "packaging>=20",
            "pluggy<2,>=1.5",
            "pygments>=2.7.2",
            "requests; extra == \"dev\"",
            "setuptools; extra == \"dev\"",
            "tomli>=1; python_version < \"3.11\"",
            "xmlschema; extra == \"dev\""
          ],
          "requires_python": ">=3.9",
          "version": "8.4.1"
        },
        {
          "artifacts": [
            {
              "algorithm": "sha256",
              "hash": "a8b2bc7bffae282281c8140a97d3aa9c14da0b136dfe83f850eea9a5f7470427",
              "url": "https://files.pythonhosted.org/packages/ec/57/56b9bcc3c9c6a792fcbaf139543cee77261f3651ca9da0c93f5c1221264b/python_dateutil-2.9.0.post0-py2.py3-none-any.whl"
            },
            {
              "algorithm": "sha256",
              "hash": "37dd54208da7e1cd875388217d5e00ebd4179249f90fb72437e91a35459a0ad3",
              "url": "https://files.pythonhosted.org/packages/66/c0/0c8b6ad9f17a802ee498c46e004a0eb49bc148f2fd230864601a86dcf6db/python-dateutil-2.9.0.post0.tar.gz"
            }
          ],
          "project_name": "python-dateutil",
          "requires_dists": [
            "six>=1.5"
          ],
          "requires_python": "!=3.0.*,!=3.1.*,!=3.2.*,>=2.7",
          "version": "2.9.0.post0"
        },
        {
          "artifacts": [
            {
              "algorithm": "sha256",
              "hash": "27babd3cda2a6d50b30443204ee89830707d396671944c998b5975b031ac2b2c",
              "url": "https://files.pythonhosted.org/packages/7c/e4/56027c4a6b4ae70ca9de302488c5ca95ad4a39e190093d6c1a8ace08341b/requests-2.32.4-py3-none-any.whl"
            },
            {
              "algorithm": "sha256",
              "hash": "27d0316682c8a29834d3264820024b62a36942083d52caf2f14c0591336d3422",
              "url": "https://files.pythonhosted.org/packages/e1/0a/929373653770d8a0d7ea76c37de6e41f11eb07559b103b1c02cafb3f7cf8/requests-2.32.4.tar.gz"
            }
          ],
          "project_name": "requests",
          "requires_dists": [
            "PySocks!=1.5.7,>=1.5.6; extra == \"socks\"",
            "certifi>=2017.4.17",
            "chardet<6,>=3.0.2; extra == \"use-chardet-on-py3\"",
            "charset_normalizer<4,>=2",
            "idna<4,>=2.5",
            "urllib3<3,>=1.21.1"
          ],
          "requires_python": ">=3.8",
          "version": "2.32.4"
        },
        {
          "artifacts": [
            {
              "algorithm": "sha256",
              "hash": "cccfdd665f0a24fcf4726e690f65639d272bb0637b9b92dfd91a5568ccf6bd06",
              "url": "https://files.pythonhosted.org/packages/3f/51/d4db610ef29373b879047326cbf6fa98b6c1969d6f6dc423279de2b1be2c/requests_toolbelt-1.0.0-py2.py3-none-any.whl"
            },
            {
              "algorithm": "sha256",
              "hash": "7681a0a3d047012b5bdc0ee37d7f8f07ebe76ab08caeccfc3921ce23c88d5bc6",
              "url": "https://files.pythonhosted.org/packages/f3/61/d7545dafb7ac2230c70d38d31cbfe4cc64f7144dc41f6e4e4b78ecd9f5bb/requests-toolbelt-1.0.0.tar.gz"
            }
          ],
          "project_name": "requests-toolbelt",
          "requires_dists": [
            "requests<3.0.0,>=2.0.1"
          ],
          "requires_python": "!=3.0.*,!=3.1.*,!=3.2.*,!=3.3.*,>=2.7",
          "version": "1.0.0"
        },
        {
          "artifacts": [
            {
              "algorithm": "sha256",
              "hash": "4721f391ed90541fddacab5acf947aa0d3dc7d27b2e1e8eda2be8970586c3274",
              "url": "https://files.pythonhosted.org/packages/b7/ce/149a00dd41f10bc29e5921b496af8b574d8413afcd5e30dfa0ed46c2cc5e/six-1.17.0-py2.py3-none-any.whl"
            },
            {
              "algorithm": "sha256",
              "hash": "ff70335d468e7eb6ec65b95b99d3a2836546063f63acc5171de367e834932a81",
              "url": "https://files.pythonhosted.org/packages/94/e7/b2c673351809dca68a0e064b6af791aa332cf192da575fd474ed7d6f16a2/six-1.17.0.tar.gz"
            }
          ],
          "project_name": "six",
          "requires_dists": [],
          "requires_python": "!=3.0.*,!=3.1.*,!=3.2.*,>=2.7",
          "version": "1.17.0"
        },
        {
          "artifacts": [
            {
              "algorithm": "sha256",
              "hash": "e6b01673c0fa6a13e374b50871808eb3bf7046c4b125b216f6bf1cc604cff0dc",
              "url": "https://files.pythonhosted.org/packages/a7/c2/fe1e52489ae3122415c51f387e221dd0773709bad6c6cdaa599e8a2c5185/urllib3-2.5.0-py3-none-any.whl"
            },
            {
              "algorithm": "sha256",
              "hash": "3fc47733c7e419d4bc3f6b3dc2b4f890bb743906a30d56ba4a5bfa4bbff92760",
              "url": "https://files.pythonhosted.org/packages/15/22/9ee70a2574a4f4599c47dd506532914ce044817c7752a79b6a51286319bc/urllib3-2.5.0.tar.gz"
            }
          ],
          "project_name": "urllib3",
          "requires_dists": [
            "brotli>=1.0.9; platform_python_implementation == \"CPython\" and extra == \"brotli\"",
            "brotlicffi>=0.8.0; platform_python_implementation != \"CPython\" and extra == \"brotli\"",
            "h2<5,>=4; extra == \"h2\"",
            "pysocks!=1.5.7,<2.0,>=1.5.6; extra == \"socks\"",
            "zstandard>=0.18.0; extra == \"zstd\""
          ],
          "requires_python": ">=3.9",
          "version": "2.5.0"
        }
      ],
      "platform_tag": null
    }
  ],
  "only_builds": [],
  "only_wheels": [],
  "overridden": [],
  "path_mappings": {},
  "pex_version": "2.37.0",
  "pip_version": "24.2",
  "prefer_older_binary": false,
  "requirements": [
    "flywheel-sdk>=18.0.0",
    "pytest"
  ],
  "requires_python": [
    "==3.12.*"
  ],
  "resolver_version": "pip-2020-resolver",
  "style": "universal",
  "target_systems": [
    "linux",
    "mac"
  ],
  "transitive": true,
  "use_pep517": null,
  "use_system_time": false
}
